
Microsoft Visual Studio Solution File, Format Version 12.00
# Visual Studio Version 17
VisualStudioVersion = 17.2.32427.441
MinimumVisualStudioVersion = 10.0.40219.1
Project("{9A19103F-16F7-4668-BE54-9A1E7A4F7556}") = "EntityFrameworkNet6.Data", "EntityFrameworkNet6.Data\EntityFrameworkNet6.Data.csproj", "{B71ED1E5-009F-4C2A-8B17-EFC418D05103}"
EndProject
Project("{9A19103F-16F7-4668-BE54-9A1E7A4F7556}") = "EntityFrameworkNet6.Domain", "EntityFrameworkNet6.Domain\EntityFrameworkNet6.Domain.csproj", "{B2BD748F-0E74-48DA-9E6D-ECCBAC09A855}"
EndProject
Project("{FAE04EC0-301F-11D3-BF4B-00C04F79EFBC}") = "EntityFrameworkNet6.ConsoleApp", "EntityFrameworkNet6.ConsoleApp\EntityFrameworkNet6.ConsoleApp.csproj", "{2B44F055-6055-4FD4-8FDF-148A39C72B60}"
EndProject
Global
	GlobalSection(SolutionConfigurationPlatforms) = preSolution
		Debug|Any CPU = Debug|Any CPU
		Release|Any CPU = Release|Any CPU
	EndGlobalSection
	GlobalSection(ProjectConfigurationPlatforms) = postSolution
		{B71ED1E5-009F-4C2A-8B17-EFC418D05103}.Debug|Any CPU.ActiveCfg = Debug|Any CPU
		{B71ED1E5-009F-4C2A-8B17-EFC418D05103}.Debug|Any CPU.Build.0 = Debug|Any CPU
		{B71ED1E5-009F-4C2A-8B17-EFC418D05103}.Release|Any CPU.ActiveCfg = Release|Any CPU
		{B71ED1E5-009F-4C2A-8B17-EFC418D05103}.Release|Any CPU.Build.0 = Release|Any CPU
		{B2BD748F-0E74-48DA-9E6D-ECCBAC09A855}.Debug|Any CPU.ActiveCfg = Debug|Any CPU
		{B2BD748F-0E74-48DA-9E6D-ECCBAC09A855}.Debug|Any CPU.Build.0 = Debug|Any CPU
		{B2BD748F-0E74-48DA-9E6D-ECCBAC09A855}.Release|Any CPU.ActiveCfg = Release|Any CPU
		{B2BD748F-0E74-48DA-9E6D-ECCBAC09A855}.Release|Any CPU.Build.0 = Release|Any CPU
		{2B44F055-6055-4FD4-8FDF-148A39C72B60}.Debug|Any CPU.ActiveCfg = Debug|Any CPU
		{2B44F055-6055-4FD4-8FDF-148A39C72B60}.Debug|Any CPU.Build.0 = Debug|Any CPU
		{2B44F055-6055-4FD4-8FDF-148A39C72B60}.Release|Any CPU.ActiveCfg = Release|Any CPU
		{2B44F055-6055-4FD4-8FDF-148A39C72B60}.Release|Any CPU.Build.0 = Release|Any CPU
	EndGlobalSection
	GlobalSection(SolutionProperties) = preSolution
		HideSolutionNode = FALSE
	EndGlobalSection
	GlobalSection(ExtensibilityGlobals) = postSolution
		SolutionGuid = {C9E28E56-D0EF-464C-95C7-C40B47223527}
	EndGlobalSection
EndGlobal
